
Microsoft Visual Studio Solution File, Format Version 12.00
# Visual Studio 15
VisualStudioVersion = 15.0.28307.271
MinimumVisualStudioVersion = 10.0.40219.1
Project("{FAE04EC0-301F-11D3-BF4B-00C04F79EFBC}") = "comp2084-assignment1", "comp2084-assignment1\comp2084-assignment1.csproj", "{38D12EF2-2A60-4EA8-91C9-E034122B6483}"
EndProject
Global
	GlobalSection(SolutionConfigurationPlatforms) = preSolution
		Debug|Any CPU = Debug|Any CPU
		Release|Any CPU = Release|Any CPU
	EndGlobalSection
	GlobalSection(ProjectConfigurationPlatforms) = postSolution
		{38D12EF2-2A60-4EA8-91C9-E034122B6483}.Debug|Any CPU.ActiveCfg = Debug|Any CPU
		{38D12EF2-2A60-4EA8-91C9-E034122B6483}.Debug|Any CPU.Build.0 = Debug|Any CPU
		{38D12EF2-2A60-4EA8-91C9-E034122B6483}.Release|Any CPU.ActiveCfg = Release|Any CPU
		{38D12EF2-2A60-4EA8-91C9-E034122B6483}.Release|Any CPU.Build.0 = Release|Any CPU
	EndGlobalSection
	GlobalSection(SolutionProperties) = preSolution
		HideSolutionNode = FALSE
	EndGlobalSection
	GlobalSection(ExtensibilityGlobals) = postSolution
		SolutionGuid = {5E69A503-D339-4203-B586-2702DA034D57}
	EndGlobalSection
EndGlobal
